
Microsoft Visual Studio Solution File, Format Version 12.00
# Visual Studio Version 17
VisualStudioVersion = 17.14.36301.6 d17.14
MinimumVisualStudioVersion = 10.0.40219.1
Project("{FAE04EC0-301F-11D3-BF4B-00C04F79EFBC}") = "HRMApiApp", "HRMApiApp\HRMApiApp.csproj", "{A9D25A97-7BBA-4082-AA26-D5A178934AB0}"
EndProject
Project("{FAE04EC0-301F-11D3-BF4B-00C04F79EFBC}") = "HRMApiApp.BLL", "HRMAppAPI.BLL\HRMApiApp.BLL.csproj", "{16DDD51A-EFB7-43A7-A22A-85D526C57865}"
EndProject
Project("{FAE04EC0-301F-11D3-BF4B-00C04F79EFBC}") = "HRMApiApp.DAL", "HRMAppAPI.DAL\HRMApiApp.DAL.csproj", "{ED42115B-C317-4231-BF5E-7520F79C7F16}"
EndProject
Project("{FAE04EC0-301F-11D3-BF4B-00C04F79EFBC}") = "HRMApiApp.Model", "HRMAppAPI.Model\HRMApiApp.Model.csproj", "{64DB5162-05C8-4976-BD91-D27516481FF2}"
EndProject
Project("{FAE04EC0-301F-11D3-BF4B-00C04F79EFBC}") = "HRMApiApp.DTO", "HRMApiApp.DTO\HRMApiApp.DTO.csproj", "{E59993EC-004D-4A6C-888D-75BB19EE6625}"
EndProject
Project("{FAE04EC0-301F-11D3-BF4B-00C04F79EFBC}") = "HRMApiApp.ViewModel", "HRMApiApp.ViewModel\HRMApiApp.ViewModel.csproj", "{4527C673-7774-4AD8-8C2A-950A68995582}"
EndProject
Global
	GlobalSection(SolutionConfigurationPlatforms) = preSolution
		Debug|Any CPU = Debug|Any CPU
		Release|Any CPU = Release|Any CPU
	EndGlobalSection
	GlobalSection(ProjectConfigurationPlatforms) = postSolution
		{A9D25A97-7BBA-4082-AA26-D5A178934AB0}.Debug|Any CPU.ActiveCfg = Debug|Any CPU
		{A9D25A97-7BBA-4082-AA26-D5A178934AB0}.Debug|Any CPU.Build.0 = Debug|Any CPU
		{A9D25A97-7BBA-4082-AA26-D5A178934AB0}.Release|Any CPU.ActiveCfg = Release|Any CPU
		{A9D25A97-7BBA-4082-AA26-D5A178934AB0}.Release|Any CPU.Build.0 = Release|Any CPU
		{16DDD51A-EFB7-43A7-A22A-85D526C57865}.Debug|Any CPU.ActiveCfg = Debug|Any CPU
		{16DDD51A-EFB7-43A7-A22A-85D526C57865}.Debug|Any CPU.Build.0 = Debug|Any CPU
		{16DDD51A-EFB7-43A7-A22A-85D526C57865}.Release|Any CPU.ActiveCfg = Release|Any CPU
		{16DDD51A-EFB7-43A7-A22A-85D526C57865}.Release|Any CPU.Build.0 = Release|Any CPU
		{ED42115B-C317-4231-BF5E-7520F79C7F16}.Debug|Any CPU.ActiveCfg = Debug|Any CPU
		{ED42115B-C317-4231-BF5E-7520F79C7F16}.Debug|Any CPU.Build.0 = Debug|Any CPU
		{ED42115B-C317-4231-BF5E-7520F79C7F16}.Release|Any CPU.ActiveCfg = Release|Any CPU
		{ED42115B-C317-4231-BF5E-7520F79C7F16}.Release|Any CPU.Build.0 = Release|Any CPU
		{64DB5162-05C8-4976-BD91-D27516481FF2}.Debug|Any CPU.ActiveCfg = Debug|Any CPU
		{64DB5162-05C8-4976-BD91-D27516481FF2}.Debug|Any CPU.Build.0 = Debug|Any CPU
		{64DB5162-05C8-4976-BD91-D27516481FF2}.Release|Any CPU.ActiveCfg = Release|Any CPU
		{64DB5162-05C8-4976-BD91-D27516481FF2}.Release|Any CPU.Build.0 = Release|Any CPU
		{E59993EC-004D-4A6C-888D-75BB19EE6625}.Debug|Any CPU.ActiveCfg = Debug|Any CPU
		{E59993EC-004D-4A6C-888D-75BB19EE6625}.Debug|Any CPU.Build.0 = Debug|Any CPU
		{E59993EC-004D-4A6C-888D-75BB19EE6625}.Release|Any CPU.ActiveCfg = Release|Any CPU
		{E59993EC-004D-4A6C-888D-75BB19EE6625}.Release|Any CPU.Build.0 = Release|Any CPU
		{4527C673-7774-4AD8-8C2A-950A68995582}.Debug|Any CPU.ActiveCfg = Debug|Any CPU
		{4527C673-7774-4AD8-8C2A-950A68995582}.Debug|Any CPU.Build.0 = Debug|Any CPU
		{4527C673-7774-4AD8-8C2A-950A68995582}.Release|Any CPU.ActiveCfg = Release|Any CPU
		{4527C673-7774-4AD8-8C2A-950A68995582}.Release|Any CPU.Build.0 = Release|Any CPU
	EndGlobalSection
	GlobalSection(SolutionProperties) = preSolution
		HideSolutionNode = FALSE
	EndGlobalSection
	GlobalSection(ExtensibilityGlobals) = postSolution
		SolutionGuid = {8C4DDED2-7C2B-44F8-84F8-8240406AF333}
	EndGlobalSection
EndGlobal
